<?xml version="1.0" encoding="utf-8"?>
<Project ToolsVersion="4.0" xmlns="http://schemas.microsoft.com/developer/msbuild/2003">
  <ItemGroup>
    <Filter Include="Source Files">
      <UniqueIdentifier>{4FC737F1-C7A5-4376-A066-2A32D752A2FF}</UniqueIdentifier>
      <Extensions>cpp;c;cc;cxx;def;odl;idl;hpj;bat;asm;asmx</Extensions>
    </Filter>
    <Filter Include="Header Files">
      <UniqueIdentifier>{93995380-89BD-4b04-88EB-625FBE52EBFB}</UniqueIdentifier>
      <Extensions>h;hh;hpp;hxx;hm;inl;inc;ipp;xsd</Extensions>
    </Filter>
    <Filter Include="Resource Files">
      <UniqueIdentifier>{67DA6AB6-F800-4c08-8B7A-83BB121AAD01}</UniqueIdentifier>
      <Extensions>rc;ico;cur;bmp;dlg;rc2;rct;bin;rgs;gif;jpg;jpeg;jpe;resx;tiff;tif;png;wav;mfcribbon-ms</Extensions>
    </Filter>
    <Filter Include="Header Files\Engine">
      <UniqueIdentifier>{9be6bea9-0c6e-4465-adab-519bac4858f1}</UniqueIdentifier>
    </Filter>
    <Filter Include="Header Files\Skills">
      <UniqueIdentifier>{79ed3d82-e99a-4b9b-9ce6-f2c62ee9f603}</UniqueIdentifier>
    </Filter>
    <Filter Include="Header Files\Engine\Scenes">
      <UniqueIdentifier>{1c8cf29f-39bb-40a5-a508-d78eabcb8f49}</UniqueIdentifier>
    </Filter>
    <Filter Include="Header Files\Engine\Core">
      <UniqueIdentifier>{4aff34f1-bbb7-47f6-aef8-2cd22eb439d1}</UniqueIdentifier>
    </Filter>
    <Filter Include="Header Files\Engine\Fonts">
      <UniqueIdentifier>{6a8eaf9f-d1a4-4ae4-bb5b-c6ce270e9ab3}</UniqueIdentifier>
    </Filter>
    <Filter Include="Header Files\Effects">
      <UniqueIdentifier>{77616f52-9ef6-412d-b247-85135dce3594}</UniqueIdentifier>
    </Filter>
    <Filter Include="Header Files\Engine\UI">
      <UniqueIdentifier>{e105d4a3-37de-40a6-a652-b4d3fa7e9730}</UniqueIdentifier>
    </Filter>
    <Filter Include="Header Files\Systems">
      <UniqueIdentifier>{a5c3a6eb-2c17-4369-9451-c0e0ee992fc2}</UniqueIdentifier>
    </Filter>
    <Filter Include="Header Files\Util">
      <UniqueIdentifier>{2e868618-a873-42be-baf9-1159ec60bc05}</UniqueIdentifier>
    </Filter>
    <Filter Include="Source Files\Engine">
      <UniqueIdentifier>{f3c911b3-0575-424a-84bc-96b248e1a8f2}</UniqueIdentifier>
    </Filter>
    <Filter Include="Source Files\Engine\Core">
      <UniqueIdentifier>{2b86938f-c51f-4db4-8a62-5dd1f180b31e}</UniqueIdentifier>
    </Filter>
    <Filter Include="Source Files\Util">
      <UniqueIdentifier>{c528d729-989d-410d-8a9b-b9423f51f7a2}</UniqueIdentifier>
    </Filter>
    <Filter Include="Source Files\Engine\Fonts">
      <UniqueIdentifier>{1181c8d4-c506-4740-9e35-c3b27c947325}</UniqueIdentifier>
    </Filter>
    <Filter Include="Source Files\Effects">
      <UniqueIdentifier>{e5aef690-9384-4478-8422-ea3ea678ce2f}</UniqueIdentifier>
    </Filter>
    <Filter Include="Source Files\Engine\Scenes">
      <UniqueIdentifier>{07607fa4-234f-4ce1-87e6-ebf9ee6b35c7}</UniqueIdentifier>
    </Filter>
    <Filter Include="Source Files\Skills">
      <UniqueIdentifier>{8fd856ad-4109-4da4-ab53-3e84dc0b4a20}</UniqueIdentifier>
    </Filter>
    <Filter Include="Source Files\Systems">
      <UniqueIdentifier>{bb61b35f-857a-4b43-9e7d-74152ade738d}</UniqueIdentifier>
    </Filter>
    <Filter Include="Source Files\Engine\UI">
      <UniqueIdentifier>{1f83cbca-a446-45e2-a606-886dc5947ea6}</UniqueIdentifier>
    </Filter>
  </ItemGroup>
  <ItemGroup>
    <ClInclude Include="framework.h">
      <Filter>Header Files</Filter>
    </ClInclude>
    <ClInclude Include="targetver.h">
      <Filter>Header Files</Filter>
    </ClInclude>
    <ClInclude Include="Resource.h">
      <Filter>Header Files</Filter>
    </ClInclude>
    <ClInclude Include="TMProject.h">
      <Filter>Header Files</Filter>
    </ClInclude>
    <ClInclude Include="pch.h">
      <Filter>Header Files</Filter>
    </ClInclude>
    <ClInclude Include="CPSock.h">
      <Filter>Header Files</Filter>
    </ClInclude>
    <ClInclude Include="Basedef.h">
      <Filter>Header Files</Filter>
    </ClInclude>
    <ClInclude Include="TreeNode.h">
      <Filter>Header Files</Filter>
    </ClInclude>
    <ClInclude Include="TMSkillTownPortal.h">
      <Filter>Header Files\Skills</Filter>
    </ClInclude>
    <ClInclude Include="TMSkinMesh.h">
      <Filter>Header Files\Engine</Filter>
    </ClInclude>
    <ClInclude Include="TMSky.h">
      <Filter>Header Files\Engine</Filter>
    </ClInclude>
    <ClInclude Include="TMSun.h">
      <Filter>Header Files\Engine</Filter>
    </ClInclude>
    <ClInclude Include="TMTree.h">
      <Filter>Header Files\Engine</Filter>
    </ClInclude>
    <ClInclude Include="TMVideoWnd.h">
      <Filter>Header Files\Engine</Filter>
    </ClInclude>
    <ClInclude Include="TMSkillThunderBolt.h">
      <Filter>Header Files\Skills</Filter>
    </ClInclude>
    <ClInclude Include="TMSkillSpeedUp.h">
      <Filter>Header Files\Skills</Filter>
    </ClInclude>
    <ClInclude Include="TMSkillSpChange.h">
      <Filter>Header Files\Skills</Filter>
    </ClInclude>
    <ClInclude Include="TMSkillSnow.h">
      <Filter>Header Files\Skills</Filter>
    </ClInclude>
    <ClInclude Include="TMSkillSlowSlash.h">
      <Filter>Header Files\Skills</Filter>
    </ClInclude>
    <ClInclude Include="TMSkillPoison.h">
      <Filter>Header Files\Skills</Filter>
    </ClInclude>
    <ClInclude Include="TMSkillMeteorStorm.h">
      <Filter>Header Files\Skills</Filter>
    </ClInclude>
    <ClInclude Include="TMSkillMagicShield.h">
      <Filter>Header Files\Skills</Filter>
    </ClInclude>
    <ClInclude Include="TMSkillMagicArrow.h">
      <Filter>Header Files\Skills</Filter>
    </ClInclude>
    <ClInclude Include="TMSkillLusterFurnish.h">
      <Filter>Header Files\Skills</Filter>
    </ClInclude>
    <ClInclude Include="TMSkillJudgement.h">
      <Filter>Header Files\Skills</Filter>
    </ClInclude>
    <ClInclude Include="TMSkillIceSpear.h">
      <Filter>Header Files\Skills</Filter>
    </ClInclude>
    <ClInclude Include="TMSkillHolyTouch.h">
      <Filter>Header Files\Skills</Filter>
    </ClInclude>
    <ClInclude Include="TMSkillHeavenDust.h">
      <Filter>Header Files\Skills</Filter>
    </ClInclude>
    <ClInclude Include="TMSkillHeal.h">
      <Filter>Header Files\Skills</Filter>
    </ClInclude>
    <ClInclude Include="TMSkillHaste.h">
      <Filter>Header Files\Skills</Filter>
    </ClInclude>
    <ClInclude Include="TMSkillFreezeBlade.h">
      <Filter>Header Files\Skills</Filter>
    </ClInclude>
    <ClInclude Include="TMSkillFlash.h">
      <Filter>Header Files\Skills</Filter>
    </ClInclude>
    <ClInclude Include="TMSkillFire.h">
      <Filter>Header Files\Skills</Filter>
    </ClInclude>
    <ClInclude Include="TMSkillExplosion2.h">
      <Filter>Header Files\Skills</Filter>
    </ClInclude>
    <ClInclude Include="TMSkillDoubleSwing.h">
      <Filter>Header Files\Skills</Filter>
    </ClInclude>
    <ClInclude Include="TMSkillCure.h">
      <Filter>Header Files\Skills</Filter>
    </ClInclude>
    <ClInclude Include="TMSkillBash.h">
      <Filter>Header Files\Skills</Filter>
    </ClInclude>
    <ClInclude Include="TMShip.h">
      <Filter>Header Files\Engine</Filter>
    </ClInclude>
    <ClInclude Include="TMSelectServerScene.h">
      <Filter>Header Files\Engine\Scenes</Filter>
    </ClInclude>
    <ClInclude Include="TMSelectCharScene.h">
      <Filter>Header Files\Engine\Scenes</Filter>
    </ClInclude>
    <ClInclude Include="TMSea.h">
      <Filter>Header Files\Engine</Filter>
    </ClInclude>
    <ClInclude Include="TMScene.h">
      <Filter>Header Files\Engine\Scenes</Filter>
    </ClInclude>
    <ClInclude Include="TMRain.h">
      <Filter>Header Files\Engine</Filter>
    </ClInclude>
    <ClInclude Include="TMObject.h">
      <Filter>Header Files\Engine</Filter>
    </ClInclude>
    <ClInclude Include="TMMesh.h">
      <Filter>Header Files\Engine</Filter>
    </ClInclude>
    <ClInclude Include="TMLog.h">
      <Filter>Header Files</Filter>
    </ClInclude>
    <ClInclude Include="TMLight.h">
      <Filter>Header Files\Engine</Filter>
    </ClInclude>
    <ClInclude Include="TMLeaf.h">
      <Filter>Header Files\Engine</Filter>
    </ClInclude>
    <ClInclude Include="TMItem.h">
      <Filter>Header Files\Engine</Filter>
    </ClInclude>
    <ClInclude Include="TMHuman.h">
      <Filter>Header Files\Engine</Filter>
    </ClInclude>
    <ClInclude Include="TMHouse.h">
      <Filter>Header Files\Engine</Filter>
    </ClInclude>
    <ClInclude Include="TMGround.h">
      <Filter>Header Files\Engine</Filter>
    </ClInclude>
    <ClInclude Include="TMGate.h">
      <Filter>Header Files\Engine</Filter>
    </ClInclude>
    <ClInclude Include="TMFont3.h">
      <Filter>Header Files\Engine\Fonts</Filter>
    </ClInclude>
    <ClInclude Include="TMFont2.h">
      <Filter>Header Files\Engine\Fonts</Filter>
    </ClInclude>
    <ClInclude Include="TMFloat.h">
      <Filter>Header Files\Engine</Filter>
    </ClInclude>
    <ClInclude Include="TMFlail.h">
      <Filter>Header Files\Engine</Filter>
    </ClInclude>
    <ClInclude Include="TMFish.h">
      <Filter>Header Files\Engine</Filter>
    </ClInclude>
    <ClInclude Include="TMFireEffect.h">
      <Filter>Header Files\Effects</Filter>
    </ClInclude>
    <ClInclude Include="TMFieldScene.h">
      <Filter>Header Files\Engine\Scenes</Filter>
    </ClInclude>
    <ClInclude Include="TMEffectSWSwing.h">
      <Filter>Header Files\Effects</Filter>
    </ClInclude>
    <ClInclude Include="TMEffectStart.h">
      <Filter>Header Files\Effects</Filter>
    </ClInclude>
    <ClInclude Include="TMEffectSpark2.h">
      <Filter>Header Files\Effects</Filter>
    </ClInclude>
    <ClInclude Include="TMEffectSpark.h">
      <Filter>Header Files\Effects</Filter>
    </ClInclude>
    <ClInclude Include="TMEffectSkinMesh.h">
      <Filter>Header Files\Effects</Filter>
    </ClInclude>
    <ClInclude Include="TMEffectParticle.h">
      <Filter>Header Files\Effects</Filter>
    </ClInclude>
    <ClInclude Include="TMEffectMeshRotate.h">
      <Filter>Header Files\Effects</Filter>
    </ClInclude>
    <ClInclude Include="TMEffectMesh.h">
      <Filter>Header Files\Effects</Filter>
    </ClInclude>
    <ClInclude Include="TMEffectLevelUp.h">
      <Filter>Header Files\Effects</Filter>
    </ClInclude>
    <ClInclude Include="TMEffectGold.h">
      <Filter>Header Files\Effects</Filter>
    </ClInclude>
    <ClInclude Include="TMEffectFirework.h">
      <Filter>Header Files\Effects</Filter>
    </ClInclude>
    <ClInclude Include="TMEffectDust.h">
      <Filter>Header Files\Effects</Filter>
    </ClInclude>
    <ClInclude Include="TMEffectCharge.h">
      <Filter>Header Files\Effects</Filter>
    </ClInclude>
    <ClInclude Include="TMEffectBillBoard4.h">
      <Filter>Header Files\Effects</Filter>
    </ClInclude>
    <ClInclude Include="TMEffectBillBoard3.h">
      <Filter>Header Files\Effects</Filter>
    </ClInclude>
    <ClInclude Include="TMEffectBillBoard2.h">
      <Filter>Header Files\Effects</Filter>
    </ClInclude>
    <ClInclude Include="TMEffectBillBoard.h">
      <Filter>Header Files\Effects</Filter>
    </ClInclude>
    <ClInclude Include="TMEffect.h">
      <Filter>Header Files\Effects</Filter>
    </ClInclude>
    <ClInclude Include="TMDust.h">
      <Filter>Header Files\Engine</Filter>
    </ClInclude>
    <ClInclude Include="TMDemoScene.h">
      <Filter>Header Files\Engine\Scenes</Filter>
    </ClInclude>
    <ClInclude Include="TMCannon.h">
      <Filter>Header Files\Engine</Filter>
    </ClInclude>
    <ClInclude Include="TMCamera.h">
      <Filter>Header Files\Engine</Filter>
    </ClInclude>
    <ClInclude Include="TMButterFly.h">
      <Filter>Header Files\Engine</Filter>
    </ClInclude>
    <ClInclude Include="TMBike.h">
      <Filter>Header Files\Engine</Filter>
    </ClInclude>
    <ClInclude Include="TMArrow.h">
      <Filter>Header Files\Engine</Filter>
    </ClInclude>
    <ClInclude Include="TimerManager.h">
      <Filter>Header Files\Engine</Filter>
    </ClInclude>
    <ClInclude Include="TextureManager.h">
      <Filter>Header Files\Engine</Filter>
    </ClInclude>
    <ClInclude Include="StackWalker.h">
      <Filter>Header Files</Filter>
    </ClInclude>
    <ClInclude Include="SGrid.h">
      <Filter>Header Files\Engine\UI</Filter>
    </ClInclude>
    <ClInclude Include="SControlContainer.h">
      <Filter>Header Files\Engine\UI</Filter>
    </ClInclude>
    <ClInclude Include="SControl.h">
      <Filter>Header Files\Engine\UI</Filter>
    </ClInclude>
    <ClInclude Include="RenderDevice.h">
      <Filter>Header Files\Engine\Core</Filter>
    </ClInclude>
    <ClInclude Include="Quest.h">
      <Filter>Header Files\Engine</Filter>
    </ClInclude>
    <ClInclude Include="ObjectManager.h">
      <Filter>Header Files\Engine</Filter>
    </ClInclude>
    <ClInclude Include="NewClientB.h">
      <Filter>Header Files</Filter>
    </ClInclude>
    <ClInclude Include="NewApp.h">
      <Filter>Header Files</Filter>
    </ClInclude>
    <ClInclude Include="MrItemMix.h">
      <Filter>Header Files\Systems</Filter>
    </ClInclude>
    <ClInclude Include="Mission.h">
      <Filter>Header Files\Systems</Filter>
    </ClInclude>
    <ClInclude Include="MeshManager.h">
      <Filter>Header Files\Engine</Filter>
    </ClInclude>
    <ClInclude Include="MD5Checksum.h">
      <Filter>Header Files\Util</Filter>
    </ClInclude>
    <ClInclude Include="md5.h">
      <Filter>Header Files\Util</Filter>
    </ClInclude>
    <ClInclude Include="JBlur.h">
      <Filter>Header Files\Engine</Filter>
    </ClInclude>
    <ClInclude Include="EventTranslator.h">
      <Filter>Header Files</Filter>
    </ClInclude>
    <ClInclude Include="dsutil.h">
      <Filter>Header Files\Util</Filter>
    </ClInclude>
    <ClInclude Include="GeomObject.h">
      <Filter>Header Files\Engine</Filter>
    </ClInclude>
    <ClInclude Include="DirShow.h">
      <Filter>Header Files\Util</Filter>
    </ClInclude>
    <ClInclude Include="desbase64.h">
      <Filter>Header Files\Util</Filter>
    </ClInclude>
    <ClInclude Include="D3DSettings.h">
      <Filter>Header Files\Engine\Core</Filter>
    </ClInclude>
    <ClInclude Include="D3DDevice.h">
      <Filter>Header Files\Engine\Core</Filter>
    </ClInclude>
    <ClInclude Include="BlockKeyBoard.h">
      <Filter>Header Files\Util</Filter>
    </ClInclude>
    <ClInclude Include="Base64.h">
      <Filter>Header Files\Util</Filter>
    </ClInclude>
    <ClInclude Include="AES.h">
      <Filter>Header Files\Util</Filter>
    </ClInclude>
    <ClInclude Include="UIBinary.h">
      <Filter>Header Files\Engine\UI</Filter>
    </ClInclude>
    <ClInclude Include="DXUtil.h">
      <Filter>Header Files\Engine\Core</Filter>
    </ClInclude>
    <ClInclude Include="D3DEnumeration.h">
      <Filter>Header Files\Engine\Core</Filter>
    </ClInclude>
    <ClInclude Include="CFrame.h">
      <Filter>Header Files\Engine\Core</Filter>
    </ClInclude>
    <ClInclude Include="CMesh.h">
      <Filter>Header Files\Engine\Core</Filter>
    </ClInclude>
    <ClInclude Include="Structures.h">
      <Filter>Header Files</Filter>
    </ClInclude>
    <ClInclude Include="Enums.h">
      <Filter>Header Files</Filter>
    </ClInclude>
    <ClInclude Include="TMShade.h">
      <Filter>Header Files\Effects</Filter>
    </ClInclude>
    <ClInclude Include="TMGlobal.h">
      <Filter>Header Files</Filter>
    </ClInclude>
    <ClInclude Include="TMSnow.h">
      <Filter>Header Files\Engine</Filter>
    </ClInclude>
    <ClInclude Include="TMPaths.h">
      <Filter>Header Files</Filter>
    </ClInclude>
    <ClInclude Include="TMObjectContainer.h">
      <Filter>Header Files</Filter>
    </ClInclude>
    <ClInclude Include="ItemEffect.h">
      <Filter>Header Files</Filter>
    </ClInclude>
    <ClInclude Include="TMUtil.h">
      <Filter>Header Files\Util</Filter>
    </ClInclude>
    <ClInclude Include="TMDrop.h">
      <Filter>Header Files\Effects</Filter>
    </ClInclude>
    <ClInclude Include="ResourceControl.h">
      <Filter>Header Files\Engine\UI</Filter>
    </ClInclude>
    <ClInclude Include="..\..\CommonFiles\SharedStructs.h">
      <Filter>Header Files</Filter>
    </ClInclude>
  </ItemGroup>
  <ItemGroup>
    <ClCompile Include="TMProject.cpp">
      <Filter>Source Files</Filter>
    </ClCompile>
    <ClCompile Include="pch.cpp">
      <Filter>Source Files</Filter>
    </ClCompile>
    <ClCompile Include="CPSock.cpp">
      <Filter>Source Files</Filter>
    </ClCompile>
    <ClCompile Include="Basedef.cpp">
      <Filter>Source Files</Filter>
    </ClCompile>
    <ClCompile Include="DXUtil.cpp">
      <Filter>Source Files\Engine\Core</Filter>
    </ClCompile>
    <ClCompile Include="D3DEnumeration.cpp">
      <Filter>Source Files\Engine\Core</Filter>
    </ClCompile>
    <ClCompile Include="TMSkinMesh.cpp">
      <Filter>Source Files\Engine</Filter>
    </ClCompile>
    <ClCompile Include="CFrame.cpp">
      <Filter>Source Files\Engine\Core</Filter>
    </ClCompile>
    <ClCompile Include="CMesh.cpp">
      <Filter>Source Files\Engine\Core</Filter>
    </ClCompile>
    <ClCompile Include="TMMesh.cpp">
      <Filter>Source Files\Engine</Filter>
    </ClCompile>
    <ClCompile Include="RenderDevice.cpp">
      <Filter>Source Files\Engine\Core</Filter>
    </ClCompile>
    <ClCompile Include="TextureManager.cpp">
      <Filter>Source Files\Engine</Filter>
    </ClCompile>
    <ClCompile Include="MeshManager.cpp">
      <Filter>Source Files\Engine</Filter>
    </ClCompile>
    <ClCompile Include="GeomObject.cpp">
      <Filter>Source Files\Engine</Filter>
    </ClCompile>
    <ClCompile Include="TimerManager.cpp">
      <Filter>Source Files\Engine</Filter>
    </ClCompile>
    <ClCompile Include="EventTranslator.cpp">
      <Filter>Source Files</Filter>
    </ClCompile>
    <ClCompile Include="JBlur.cpp">
      <Filter>Source Files\Engine</Filter>
    </ClCompile>
    <ClCompile Include="TMLog.cpp">
      <Filter>Source Files</Filter>
    </ClCompile>
    <ClCompile Include="dsutil.cpp">
      <Filter>Source Files\Util</Filter>
    </ClCompile>
    <ClCompile Include="TMFont2.cpp">
      <Filter>Source Files\Engine\Fonts</Filter>
    </ClCompile>
    <ClCompile Include="TMEffect.cpp">
      <Filter>Source Files\Effects</Filter>
    </ClCompile>
    <ClCompile Include="TMEffectBillBoard.cpp">
      <Filter>Source Files\Effects</Filter>
    </ClCompile>
    <ClCompile Include="TMEffectBillBoard2.cpp">
      <Filter>Source Files\Effects</Filter>
    </ClCompile>
    <ClCompile Include="TMEffectBillBoard3.cpp">
      <Filter>Source Files\Effects</Filter>
    </ClCompile>
    <ClCompile Include="TMEffectBillBoard4.cpp">
      <Filter>Source Files\Effects</Filter>
    </ClCompile>
    <ClCompile Include="TMEffectCharge.cpp">
      <Filter>Source Files\Effects</Filter>
    </ClCompile>
    <ClCompile Include="TMEffectDust.cpp">
      <Filter>Source Files\Effects</Filter>
    </ClCompile>
    <ClCompile Include="TMEffectFirework.cpp">
      <Filter>Source Files\Effects</Filter>
    </ClCompile>
    <ClCompile Include="TMEffectGold.cpp">
      <Filter>Source Files\Effects</Filter>
    </ClCompile>
    <ClCompile Include="TMEffectLevelUp.cpp">
      <Filter>Source Files\Effects</Filter>
    </ClCompile>
    <ClCompile Include="TMEffectMesh.cpp">
      <Filter>Source Files\Effects</Filter>
    </ClCompile>
    <ClCompile Include="TMEffectMeshRotate.cpp">
      <Filter>Source Files\Effects</Filter>
    </ClCompile>
    <ClCompile Include="TMEffectParticle.cpp">
      <Filter>Source Files\Effects</Filter>
    </ClCompile>
    <ClCompile Include="TMEffectSkinMesh.cpp">
      <Filter>Source Files\Effects</Filter>
    </ClCompile>
    <ClCompile Include="TMEffectSpark.cpp">
      <Filter>Source Files\Effects</Filter>
    </ClCompile>
    <ClCompile Include="TMEffectSpark2.cpp">
      <Filter>Source Files\Effects</Filter>
    </ClCompile>
    <ClCompile Include="TMEffectStart.cpp">
      <Filter>Source Files\Effects</Filter>
    </ClCompile>
    <ClCompile Include="TMEffectSWSwing.cpp">
      <Filter>Source Files\Effects</Filter>
    </ClCompile>
    <ClCompile Include="TMFireEffect.cpp">
      <Filter>Source Files\Effects</Filter>
    </ClCompile>
    <ClCompile Include="TMShade.cpp">
      <Filter>Source Files\Effects</Filter>
    </ClCompile>
    <ClCompile Include="TMGlobal.cpp">
      <Filter>Source Files</Filter>
    </ClCompile>
    <ClCompile Include="TMScene.cpp">
      <Filter>Source Files\Engine\Scenes</Filter>
    </ClCompile>
    <ClCompile Include="TMObject.cpp">
      <Filter>Source Files\Engine</Filter>
    </ClCompile>
    <ClCompile Include="TreeNode.cpp">
      <Filter>Source Files</Filter>
    </ClCompile>
    <ClCompile Include="TMArrow.cpp">
      <Filter>Source Files\Engine</Filter>
    </ClCompile>
    <ClCompile Include="TMFlail.cpp">
      <Filter>Source Files\Engine</Filter>
    </ClCompile>
    <ClCompile Include="TMFloat.cpp">
      <Filter>Source Files\Engine</Filter>
    </ClCompile>
    <ClCompile Include="TMGate.cpp">
      <Filter>Source Files\Engine</Filter>
    </ClCompile>
    <ClCompile Include="TMGround.cpp">
      <Filter>Source Files\Engine</Filter>
    </ClCompile>
    <ClCompile Include="TMHuman.cpp">
      <Filter>Source Files\Engine</Filter>
    </ClCompile>
    <ClCompile Include="TMItem.cpp">
      <Filter>Source Files\Engine</Filter>
    </ClCompile>
    <ClCompile Include="TMLight.cpp">
      <Filter>Source Files\Engine</Filter>
    </ClCompile>
    <ClCompile Include="TMRain.cpp">
      <Filter>Source Files\Engine</Filter>
    </ClCompile>
    <ClCompile Include="TMSea.cpp">
      <Filter>Source Files\Engine</Filter>
    </ClCompile>
    <ClCompile Include="TMSky.cpp">
      <Filter>Source Files\Engine</Filter>
    </ClCompile>
    <ClCompile Include="TMFont3.cpp">
      <Filter>Source Files\Engine\Fonts</Filter>
    </ClCompile>
    <ClCompile Include="D3DDevice.cpp">
      <Filter>Source Files\Engine\Core</Filter>
    </ClCompile>
    <ClCompile Include="Mission.cpp">
      <Filter>Source Files\Systems</Filter>
    </ClCompile>
    <ClCompile Include="MrItemMix.cpp">
      <Filter>Source Files\Systems</Filter>
    </ClCompile>
    <ClCompile Include="NewApp.cpp">
      <Filter>Source Files</Filter>
    </ClCompile>
    <ClCompile Include="DirShow.cpp">
      <Filter>Source Files</Filter>
    </ClCompile>
    <ClCompile Include="TMSkillBash.cpp">
      <Filter>Source Files\Skills</Filter>
    </ClCompile>
    <ClCompile Include="TMSkillCure.cpp">
      <Filter>Source Files\Skills</Filter>
    </ClCompile>
    <ClCompile Include="TMSkillDoubleSwing.cpp">
      <Filter>Source Files\Skills</Filter>
    </ClCompile>
    <ClCompile Include="TMSkillExplosion2.cpp">
      <Filter>Source Files\Skills</Filter>
    </ClCompile>
    <ClCompile Include="TMSkillFire.cpp">
      <Filter>Source Files\Skills</Filter>
    </ClCompile>
    <ClCompile Include="TMSkillFlash.cpp">
      <Filter>Source Files\Skills</Filter>
    </ClCompile>
    <ClCompile Include="TMSkillFreezeBlade.cpp">
      <Filter>Source Files\Skills</Filter>
    </ClCompile>
    <ClCompile Include="TMSkillHaste.cpp">
      <Filter>Source Files\Skills</Filter>
    </ClCompile>
    <ClCompile Include="TMSkillHeal.cpp">
      <Filter>Source Files\Skills</Filter>
    </ClCompile>
    <ClCompile Include="TMSkillHeavenDust.cpp">
      <Filter>Source Files\Skills</Filter>
    </ClCompile>
    <ClCompile Include="TMSkillHolyTouch.cpp">
      <Filter>Source Files\Skills</Filter>
    </ClCompile>
    <ClCompile Include="TMSkillIceSpear.cpp">
      <Filter>Source Files\Skills</Filter>
    </ClCompile>
    <ClCompile Include="TMSkillJudgement.cpp">
      <Filter>Source Files\Skills</Filter>
    </ClCompile>
    <ClCompile Include="TMSkillLusterFurnish.cpp">
      <Filter>Source Files\Skills</Filter>
    </ClCompile>
    <ClCompile Include="TMSkillMagicArrow.cpp">
      <Filter>Source Files\Skills</Filter>
    </ClCompile>
    <ClCompile Include="TMSkillMagicShield.cpp">
      <Filter>Source Files\Skills</Filter>
    </ClCompile>
    <ClCompile Include="TMSkillMeteorStorm.cpp">
      <Filter>Source Files\Skills</Filter>
    </ClCompile>
    <ClCompile Include="TMSkillPoison.cpp">
      <Filter>Source Files\Skills</Filter>
    </ClCompile>
    <ClCompile Include="TMSkillSlowSlash.cpp">
      <Filter>Source Files\Skills</Filter>
    </ClCompile>
    <ClCompile Include="TMSkillSnow.cpp">
      <Filter>Source Files\Skills</Filter>
    </ClCompile>
    <ClCompile Include="TMSkillSpChange.cpp">
      <Filter>Source Files\Skills</Filter>
    </ClCompile>
    <ClCompile Include="TMSkillSpeedUp.cpp">
      <Filter>Source Files\Skills</Filter>
    </ClCompile>
    <ClCompile Include="TMSkillThunderBolt.cpp">
      <Filter>Source Files\Skills</Filter>
    </ClCompile>
    <ClCompile Include="TMSkillTownPortal.cpp">
      <Filter>Source Files\Skills</Filter>
    </ClCompile>
    <ClCompile Include="TMBike.cpp">
      <Filter>Source Files\Engine</Filter>
    </ClCompile>
    <ClCompile Include="TMButterFly.cpp">
      <Filter>Source Files\Engine</Filter>
    </ClCompile>
    <ClCompile Include="TMCamera.cpp">
      <Filter>Source Files\Engine</Filter>
    </ClCompile>
    <ClCompile Include="TMCannon.cpp">
      <Filter>Source Files\Engine</Filter>
    </ClCompile>
    <ClCompile Include="TMDust.cpp">
      <Filter>Source Files\Engine</Filter>
    </ClCompile>
    <ClCompile Include="TMFish.cpp">
      <Filter>Source Files\Engine</Filter>
    </ClCompile>
    <ClCompile Include="TMHouse.cpp">
      <Filter>Source Files\Engine</Filter>
    </ClCompile>
    <ClCompile Include="TMLeaf.cpp">
      <Filter>Source Files\Engine</Filter>
    </ClCompile>
    <ClCompile Include="TMShip.cpp">
      <Filter>Source Files\Engine</Filter>
    </ClCompile>
    <ClCompile Include="TMSnow.cpp">
      <Filter>Source Files\Engine</Filter>
    </ClCompile>
    <ClCompile Include="TMSun.cpp">
      <Filter>Source Files\Engine</Filter>
    </ClCompile>
    <ClCompile Include="TMTree.cpp">
      <Filter>Source Files\Engine</Filter>
    </ClCompile>
    <ClCompile Include="TMVideoWnd.cpp">
      <Filter>Source Files\Engine</Filter>
    </ClCompile>
    <ClCompile Include="ObjectManager.cpp">
      <Filter>Source Files\Engine</Filter>
    </ClCompile>
    <ClCompile Include="TMSelectCharScene.cpp">
      <Filter>Source Files\Engine\Scenes</Filter>
    </ClCompile>
    <ClCompile Include="TMSelectServerScene.cpp">
      <Filter>Source Files\Engine\Scenes</Filter>
    </ClCompile>
    <ClCompile Include="TMDemoScene.cpp">
      <Filter>Source Files\Engine\Scenes</Filter>
    </ClCompile>
    <ClCompile Include="TMFieldScene.cpp">
      <Filter>Source Files\Engine\Scenes</Filter>
    </ClCompile>
    <ClCompile Include="SControl.cpp">
      <Filter>Source Files\Engine\UI</Filter>
    </ClCompile>
    <ClCompile Include="SControlContainer.cpp">
      <Filter>Source Files\Engine\UI</Filter>
    </ClCompile>
    <ClCompile Include="SGrid.cpp">
      <Filter>Source Files\Engine\UI</Filter>
    </ClCompile>
    <ClCompile Include="TMObjectContainer.cpp">
      <Filter>Source Files</Filter>
    </ClCompile>
    <ClCompile Include="TMUtil.cpp">
      <Filter>Source Files</Filter>
    </ClCompile>
    <ClCompile Include="TMDrop.cpp">
      <Filter>Source Files</Filter>
    </ClCompile>
  </ItemGroup>
  <ItemGroup>
    <ResourceCompile Include="TMProject.rc">
      <Filter>Resource Files</Filter>
    </ResourceCompile>
  </ItemGroup>
  <ItemGroup>
    <Image Include="small.ico">
      <Filter>Resource Files</Filter>
    </Image>
    <Image Include="TMProject.ico">
      <Filter>Resource Files</Filter>
    </Image>
  </ItemGroup>
  <ItemGroup>
    <None Include="Resources\CursorGroup162.cur">
      <Filter>Resource Files</Filter>
    </None>
    <None Include="Resources\CursorGroup164.cur">
      <Filter>Resource Files</Filter>
    </None>
  </ItemGroup>
</Project>